{
  "name": "TLNetwork",
  "version": "1.0.0",
  "lockfileVersion": 1,
  "requires": true,
  "dependencies": {
    "bootstrap": {
      "version": "4.3.1",
      "resolved": "https://registry.npmjs.org/bootstrap/-/bootstrap-4.3.1.tgz",
      "integrity": "sha512-rXqOmH1VilAt2DyPzluTi2blhk17bO7ef+zLLPlWvG494pDxcM234pJ8wTc/6R40UWizAIIMgxjvxZg5kmsbag=="
    },
    "bootstrap-honoka": {
      "version": "4.3.1",
      "resolved": "https://registry.npmjs.org/bootstrap-honoka/-/bootstrap-honoka-4.3.1.tgz",
      "integrity": "sha512-BKo88co2tS1GZXSdkDEW2ok15rtdx7MUzEP59fuaG/Jul1n2sHSzdWK4LIEIcwDQ9CsMfomyHVqjGbQ3MB4F/w==",
      "requires": {
        "bootstrap": "4.3.1",
        "jquery": "1.9.1 - 3",
        "popper.js": "^1.14.7"
      }
    },
    "browser-split": {
      "version": "0.0.0",
      "resolved": "https://registry.npmjs.org/browser-split/-/browser-split-0.0.0.tgz",
      "integrity": "sha1-QUGcrvdpdVkp3VGJZ9PuwKYmJ3E="
    },
    "class-list": {
      "version": "0.1.1",
      "resolved": "https://registry.npmjs.org/class-list/-/class-list-0.1.1.tgz",
      "integrity": "sha1-m5dFGSxBebXaCg12M2WOPHDXlss=",
      "requires": {
        "indexof": "0.0.1"
      }
    },
    "hyperscript": {
      "version": "1.0.7",
      "resolved": "https://registry.npmjs.org/hyperscript/-/hyperscript-1.0.7.tgz",
      "integrity": "sha1-2I7TxRk0xtb6NbKr/XwA8QCCD2U=",
      "requires": {
        "browser-split": "0.0.0",
        "class-list": "~0.1.0"
      }
    },
    "indexof": {
      "version": "0.0.1",
      "resolved": "https://registry.npmjs.org/indexof/-/indexof-0.0.1.tgz",
      "integrity": "sha1-gtwzbSMrkGIXnQWrMpOmYFn9Q10="
    },
    "jquery": {
      "version": "3.5.1",
      "resolved": "https://registry.npmjs.org/jquery/-/jquery-3.5.1.tgz",
      "integrity": "sha512-XwIBPqcMn57FxfT+Go5pzySnm4KWkT1Tv7gjrpT1srtf8Weynl6R273VJ5GjkRb51IzMp5nbaPjJXMWeju2MKg=="
    },
    "jquery-browserify": {
      "version": "1.8.1",
      "resolved": "https://registry.npmjs.org/jquery-browserify/-/jquery-browserify-1.8.1.tgz",
      "integrity": "sha1-DeqddBpPQRWuGYDEUxsiUCmRoBU="
    },
    "observable": {
      "version": "1.3.1",
      "resolved": "https://registry.npmjs.org/observable/-/observable-1.3.1.tgz",
      "integrity": "sha1-PSogOxQw2vak1tNvI2zBPm7Vu04="
    },
    "popper.js": {
      "version": "1.16.1",
      "resolved": "https://registry.npmjs.org/popper.js/-/popper.js-1.16.1.tgz",
      "integrity": "sha512-Wb4p1J4zyFTbM+u6WuO4XstYx4Ky9Cewe4DWrel7B0w6VVICvPwdOpotjzcf6eD8TsckVnIMNONQyPIUFOUbCQ=="
    },
    "sortable": {
      "version": "2.0.0",
      "resolved": "https://registry.npmjs.org/sortable/-/sortable-2.0.0.tgz",
      "integrity": "sha1-NLNUK0KQTFm4RU9VFIoPT2AYaUM=",
      "requires": {
        "hyperscript": "~1.0.1",
        "jquery-browserify": "~1.8.1",
        "observable": "~1.3.1"
      }
    },
    "sortablejs": {
      "version": "1.10.2",
      "resolved": "https://registry.npmjs.org/sortablejs/-/sortablejs-1.10.2.tgz",
      "integrity": "sha512-YkPGufevysvfwn5rfdlGyrGjt7/CRHwvRPogD/lC+TnvcN29jDpCifKP+rBqf+LRldfXSTh+0CGLcSg0VIxq3A=="
    },
    "vue": {
      "version": "2.6.11",
      "resolved": "https://registry.npmjs.org/vue/-/vue-2.6.11.tgz",
      "integrity": "sha512-VfPwgcGABbGAue9+sfrD4PuwFar7gPb1yl1UK1MwXoQPAw0BKSqWfoYCT/ThFrdEVWoI51dBuyCoiNU9bZDZxQ=="
    }
  }
}
